// !$*UTF8*$!
{
	archiveVersion = 1;
	classes = {
	};
	objectVersion = 56;
	objects = {

/* Begin PBXBuildFile section */
		FB0DA2372C84BFB5007BC2C3 /* SearchBarView.swift in Sources */ = {isa = PBXBuildFile; fileRef = FB0DA2362C84BFB5007BC2C3 /* SearchBarView.swift */; };
		FB0DA2392C84FB1E007BC2C3 /* TaskDetailView.swift in Sources */ = {isa = PBXBuildFile; fileRef = FB0DA2382C84FB1E007BC2C3 /* TaskDetailView.swift */; };
		FB80825C2C8003F800BA8D4E /* ToDoAppApp.swift in Sources */ = {isa = PBXBuildFile; fileRef = FB80825B2C8003F800BA8D4E /* ToDoAppApp.swift */; };
		FB80825E2C8003F800BA8D4E /* ContentView.swift in Sources */ = {isa = PBXBuildFile; fileRef = FB80825D2C8003F800BA8D4E /* ContentView.swift */; };
		FB8082622C8003FB00BA8D4E /* Assets.xcassets in Resources */ = {isa = PBXBuildFile; fileRef = FB8082612C8003FB00BA8D4E /* Assets.xcassets */; };
		FB8082652C8003FB00BA8D4E /* Preview Assets.xcassets in Resources */ = {isa = PBXBuildFile; fileRef = FB8082642C8003FB00BA8D4E /* Preview Assets.xcassets */; };
		FB8082722C80048800BA8D4E /* Task.swift in Sources */ = {isa = PBXBuildFile; fileRef = FB8082712C80048800BA8D4E /* Task.swift */; };
		FB8082762C8004B200BA8D4E /* TaskGroupTilesView.swift in Sources */ = {isa = PBXBuildFile; fileRef = FB8082732C8004B100BA8D4E /* TaskGroupTilesView.swift */; };
		FB8082772C8004B200BA8D4E /* ProgressCardView.swift in Sources */ = {isa = PBXBuildFile; fileRef = FB8082742C8004B200BA8D4E /* ProgressCardView.swift */; };
		FB8082782C8004B200BA8D4E /* HomeBoardView.swift in Sources */ = {isa = PBXBuildFile; fileRef = FB8082752C8004B200BA8D4E /* HomeBoardView.swift */; };
		FB8082822C8004BF00BA8D4E /* Mulish-Black.ttf in Resources */ = {isa = PBXBuildFile; fileRef = FB8082792C8004BF00BA8D4E /* Mulish-Black.ttf */; };
		FB8082832C8004BF00BA8D4E /* Mulish-Bold.ttf in Resources */ = {isa = PBXBuildFile; fileRef = FB80827A2C8004BF00BA8D4E /* Mulish-Bold.ttf */; };
		FB8082842C8004BF00BA8D4E /* Mulish-ExtraBold.ttf in Resources */ = {isa = PBXBuildFile; fileRef = FB80827B2C8004BF00BA8D4E /* Mulish-ExtraBold.ttf */; };
		FB8082852C8004BF00BA8D4E /* Mulish-ExtraLight.ttf in Resources */ = {isa = PBXBuildFile; fileRef = FB80827C2C8004BF00BA8D4E /* Mulish-ExtraLight.ttf */; };
		FB8082862C8004BF00BA8D4E /* Mulish-Light.ttf in Resources */ = {isa = PBXBuildFile; fileRef = FB80827D2C8004BF00BA8D4E /* Mulish-Light.ttf */; };
		FB8082872C8004BF00BA8D4E /* Mulish-Medium.ttf in Resources */ = {isa = PBXBuildFile; fileRef = FB80827E2C8004BF00BA8D4E /* Mulish-Medium.ttf */; };
		FB8082882C8004BF00BA8D4E /* Mulish-Regular.ttf in Resources */ = {isa = PBXBuildFile; fileRef = FB80827F2C8004BF00BA8D4E /* Mulish-Regular.ttf */; };
		FB8082892C8004BF00BA8D4E /* Mulish-SemiBold.ttf in Resources */ = {isa = PBXBuildFile; fileRef = FB8082802C8004BF00BA8D4E /* Mulish-SemiBold.ttf */; };
		FB80828E2C8004DC00BA8D4E /* NewTaskView.swift in Sources */ = {isa = PBXBuildFile; fileRef = FB80828A2C8004DC00BA8D4E /* NewTaskView.swift */; };
		FB80828F2C8004DC00BA8D4E /* PendingTasksView.swift in Sources */ = {isa = PBXBuildFile; fileRef = FB80828B2C8004DC00BA8D4E /* PendingTasksView.swift */; };
		FB8082902C8004DC00BA8D4E /* HomeView.swift in Sources */ = {isa = PBXBuildFile; fileRef = FB80828C2C8004DC00BA8D4E /* HomeView.swift */; };
		FB8082912C8004DC00BA8D4E /* StartView.swift in Sources */ = {isa = PBXBuildFile; fileRef = FB80828D2C8004DC00BA8D4E /* StartView.swift */; };
		FB8082942C800F1400BA8D4E /* PendingTaskTileView.swift in Sources */ = {isa = PBXBuildFile; fileRef = FB8082932C800F1400BA8D4E /* PendingTaskTileView.swift */; };
		FB8082962C80298100BA8D4E /* TextFieldView.swift in Sources */ = {isa = PBXBuildFile; fileRef = FB8082952C80298100BA8D4E /* TextFieldView.swift */; };
		FBA424F52C81BE99008C69FD /* CustomizedDatePickerView.swift in Sources */ = {isa = PBXBuildFile; fileRef = FBA424F42C81BE99008C69FD /* CustomizedDatePickerView.swift */; };
		FBA424F72C8204D6008C69FD /* CustomizedTimePickerView.swift in Sources */ = {isa = PBXBuildFile; fileRef = FBA424F62C8204D6008C69FD /* CustomizedTimePickerView.swift */; };
		FBA424F92C825FA5008C69FD /* ProfileView.swift in Sources */ = {isa = PBXBuildFile; fileRef = FBA424F82C825FA5008C69FD /* ProfileView.swift */; };
		FBC45C992C80DF0B008E8C8E /* PriorityPickerView.swift in Sources */ = {isa = PBXBuildFile; fileRef = FBC45C982C80DF0B008E8C8E /* PriorityPickerView.swift */; };
/* End PBXBuildFile section */

/* Begin PBXFileReference section */
		FB0DA2362C84BFB5007BC2C3 /* SearchBarView.swift */ = {isa = PBXFileReference; lastKnownFileType = sourcecode.swift; path = SearchBarView.swift; sourceTree = "<group>"; };
		FB0DA2382C84FB1E007BC2C3 /* TaskDetailView.swift */ = {isa = PBXFileReference; lastKnownFileType = sourcecode.swift; path = TaskDetailView.swift; sourceTree = "<group>"; };
		FB8082582C8003F800BA8D4E /* ToDoApp.app */ = {isa = PBXFileReference; explicitFileType = wrapper.application; includeInIndex = 0; path = ToDoApp.app; sourceTree = BUILT_PRODUCTS_DIR; };
		FB80825B2C8003F800BA8D4E /* ToDoAppApp.swift */ = {isa = PBXFileReference; lastKnownFileType = sourcecode.swift; path = ToDoAppApp.swift; sourceTree = "<group>"; };
		FB80825D2C8003F800BA8D4E /* ContentView.swift */ = {isa = PBXFileReference; lastKnownFileType = sourcecode.swift; path = ContentView.swift; sourceTree = "<group>"; };
		FB8082612C8003FB00BA8D4E /* Assets.xcassets */ = {isa = PBXFileReference; lastKnownFileType = folder.assetcatalog; path = Assets.xcassets; sourceTree = "<group>"; };
		FB8082642C8003FB00BA8D4E /* Preview Assets.xcassets */ = {isa = PBXFileReference; lastKnownFileType = folder.assetcatalog; path = "Preview Assets.xcassets"; sourceTree = "<group>"; };
		FB8082712C80048800BA8D4E /* Task.swift */ = {isa = PBXFileReference; lastKnownFileType = sourcecode.swift; path = Task.swift; sourceTree = "<group>"; };
		FB8082732C8004B100BA8D4E /* TaskGroupTilesView.swift */ = {isa = PBXFileReference; fileEncoding = 4; lastKnownFileType = sourcecode.swift; path = TaskGroupTilesView.swift; sourceTree = "<group>"; };
		FB8082742C8004B200BA8D4E /* ProgressCardView.swift */ = {isa = PBXFileReference; fileEncoding = 4; lastKnownFileType = sourcecode.swift; path = ProgressCardView.swift; sourceTree = "<group>"; };
		FB8082752C8004B200BA8D4E /* HomeBoardView.swift */ = {isa = PBXFileReference; fileEncoding = 4; lastKnownFileType = sourcecode.swift; path = HomeBoardView.swift; sourceTree = "<group>"; };
		FB8082792C8004BF00BA8D4E /* Mulish-Black.ttf */ = {isa = PBXFileReference; lastKnownFileType = file; path = "Mulish-Black.ttf"; sourceTree = "<group>"; };
		FB80827A2C8004BF00BA8D4E /* Mulish-Bold.ttf */ = {isa = PBXFileReference; lastKnownFileType = file; path = "Mulish-Bold.ttf"; sourceTree = "<group>"; };
		FB80827B2C8004BF00BA8D4E /* Mulish-ExtraBold.ttf */ = {isa = PBXFileReference; lastKnownFileType = file; path = "Mulish-ExtraBold.ttf"; sourceTree = "<group>"; };
		FB80827C2C8004BF00BA8D4E /* Mulish-ExtraLight.ttf */ = {isa = PBXFileReference; lastKnownFileType = file; path = "Mulish-ExtraLight.ttf"; sourceTree = "<group>"; };
		FB80827D2C8004BF00BA8D4E /* Mulish-Light.ttf */ = {isa = PBXFileReference; lastKnownFileType = file; path = "Mulish-Light.ttf"; sourceTree = "<group>"; };
		FB80827E2C8004BF00BA8D4E /* Mulish-Medium.ttf */ = {isa = PBXFileReference; lastKnownFileType = file; path = "Mulish-Medium.ttf"; sourceTree = "<group>"; };
		FB80827F2C8004BF00BA8D4E /* Mulish-Regular.ttf */ = {isa = PBXFileReference; lastKnownFileType = file; path = "Mulish-Regular.ttf"; sourceTree = "<group>"; };
		FB8082802C8004BF00BA8D4E /* Mulish-SemiBold.ttf */ = {isa = PBXFileReference; lastKnownFileType = file; path = "Mulish-SemiBold.ttf"; sourceTree = "<group>"; };
		FB80828A2C8004DC00BA8D4E /* NewTaskView.swift */ = {isa = PBXFileReference; fileEncoding = 4; lastKnownFileType = sourcecode.swift; path = NewTaskView.swift; sourceTree = "<group>"; };
		FB80828B2C8004DC00BA8D4E /* PendingTasksView.swift */ = {isa = PBXFileReference; fileEncoding = 4; lastKnownFileType = sourcecode.swift; path = PendingTasksView.swift; sourceTree = "<group>"; };
		FB80828C2C8004DC00BA8D4E /* HomeView.swift */ = {isa = PBXFileReference; fileEncoding = 4; lastKnownFileType = sourcecode.swift; path = HomeView.swift; sourceTree = "<group>"; };
		FB80828D2C8004DC00BA8D4E /* StartView.swift */ = {isa = PBXFileReference; fileEncoding = 4; lastKnownFileType = sourcecode.swift; path = StartView.swift; sourceTree = "<group>"; };
		FB8082922C8004EB00BA8D4E /* Info.plist */ = {isa = PBXFileReference; lastKnownFileType = text.plist; path = Info.plist; sourceTree = "<group>"; };
		FB8082932C800F1400BA8D4E /* PendingTaskTileView.swift */ = {isa = PBXFileReference; lastKnownFileType = sourcecode.swift; path = PendingTaskTileView.swift; sourceTree = "<group>"; };
		FB8082952C80298100BA8D4E /* TextFieldView.swift */ = {isa = PBXFileReference; lastKnownFileType = sourcecode.swift; path = TextFieldView.swift; sourceTree = "<group>"; };
		FBA424F42C81BE99008C69FD /* CustomizedDatePickerView.swift */ = {isa = PBXFileReference; lastKnownFileType = sourcecode.swift; path = CustomizedDatePickerView.swift; sourceTree = "<group>"; };
		FBA424F62C8204D6008C69FD /* CustomizedTimePickerView.swift */ = {isa = PBXFileReference; lastKnownFileType = sourcecode.swift; path = CustomizedTimePickerView.swift; sourceTree = "<group>"; };
		FBA424F82C825FA5008C69FD /* ProfileView.swift */ = {isa = PBXFileReference; lastKnownFileType = sourcecode.swift; path = ProfileView.swift; sourceTree = "<group>"; };
		FBC45C982C80DF0B008E8C8E /* PriorityPickerView.swift */ = {isa = PBXFileReference; lastKnownFileType = sourcecode.swift; path = PriorityPickerView.swift; sourceTree = "<group>"; };
/* End PBXFileReference section */

/* Begin PBXFrameworksBuildPhase section */
		FB8082552C8003F800BA8D4E /* Frameworks */ = {
			isa = PBXFrameworksBuildPhase;
			buildActionMask = 2147483647;
			files = (
			);
			runOnlyForDeploymentPostprocessing = 0;
		};
/* End PBXFrameworksBuildPhase section */

/* Begin PBXGroup section */
		FB80824F2C8003F800BA8D4E = {
			isa = PBXGroup;
			children = (
				FB80825A2C8003F800BA8D4E /* ToDoApp */,
				FB8082592C8003F800BA8D4E /* Products */,
			);
			sourceTree = "<group>";
		};
		FB8082592C8003F800BA8D4E /* Products */ = {
			isa = PBXGroup;
			children = (
				FB8082582C8003F800BA8D4E /* ToDoApp.app */,
			);
			name = Products;
			sourceTree = "<group>";
		};
		FB80825A2C8003F800BA8D4E /* ToDoApp */ = {
			isa = PBXGroup;
			children = (
				FB8082922C8004EB00BA8D4E /* Info.plist */,
				FB8082812C8004BF00BA8D4E /* Font */,
				FB8082702C80047400BA8D4E /* Model */,
				FB80826D2C80045100BA8D4E /* Core */,
				FB80826C2C80043F00BA8D4E /* Components */,
				FB80826B2C80043300BA8D4E /* App */,
				FB8082612C8003FB00BA8D4E /* Assets.xcassets */,
				FB8082632C8003FB00BA8D4E /* Preview Content */,
			);
			path = ToDoApp;
			sourceTree = "<group>";
		};
		FB8082632C8003FB00BA8D4E /* Preview Content */ = {
			isa = PBXGroup;
			children = (
				FB8082642C8003FB00BA8D4E /* Preview Assets.xcassets */,
			);
			path = "Preview Content";
			sourceTree = "<group>";
		};
		FB80826B2C80043300BA8D4E /* App */ = {
			isa = PBXGroup;
			children = (
				FB80825B2C8003F800BA8D4E /* ToDoAppApp.swift */,
			);
			path = App;
			sourceTree = "<group>";
		};
		FB80826C2C80043F00BA8D4E /* Components */ = {
			isa = PBXGroup;
			children = (
				FB8082752C8004B200BA8D4E /* HomeBoardView.swift */,
				FB8082742C8004B200BA8D4E /* ProgressCardView.swift */,
				FB8082732C8004B100BA8D4E /* TaskGroupTilesView.swift */,
				FB8082932C800F1400BA8D4E /* PendingTaskTileView.swift */,
				FB8082952C80298100BA8D4E /* TextFieldView.swift */,
				FBC45C982C80DF0B008E8C8E /* PriorityPickerView.swift */,
				FBA424F42C81BE99008C69FD /* CustomizedDatePickerView.swift */,
				FBA424F62C8204D6008C69FD /* CustomizedTimePickerView.swift */,
				FB0DA2362C84BFB5007BC2C3 /* SearchBarView.swift */,
			);
			path = Components;
			sourceTree = "<group>";
		};
		FB80826D2C80045100BA8D4E /* Core */ = {
			isa = PBXGroup;
			children = (
				FB80826F2C80046900BA8D4E /* View */,
				FB80826E2C80046300BA8D4E /* Root */,
			);
			path = Core;
			sourceTree = "<group>";
		};
		FB80826E2C80046300BA8D4E /* Root */ = {
			isa = PBXGroup;
			children = (
				FB80825D2C8003F800BA8D4E /* ContentView.swift */,
			);
			path = Root;
			sourceTree = "<group>";
		};
		FB80826F2C80046900BA8D4E /* View */ = {
			isa = PBXGroup;
			children = (
				FB80828A2C8004DC00BA8D4E /* NewTaskView.swift */,
				FB80828C2C8004DC00BA8D4E /* HomeView.swift */,
				FB80828D2C8004DC00BA8D4E /* StartView.swift */,
				FB80828B2C8004DC00BA8D4E /* PendingTasksView.swift */,
				FBA424F82C825FA5008C69FD /* ProfileView.swift */,
				FB0DA2382C84FB1E007BC2C3 /* TaskDetailView.swift */,
			);
			path = View;
			sourceTree = "<group>";
		};
		FB8082702C80047400BA8D4E /* Model */ = {
			isa = PBXGroup;
			children = (
				FB8082712C80048800BA8D4E /* Task.swift */,
			);
			path = Model;
			sourceTree = "<group>";
		};
		FB8082812C8004BF00BA8D4E /* Font */ = {
			isa = PBXGroup;
			children = (
				FB8082792C8004BF00BA8D4E /* Mulish-Black.ttf */,
				FB80827A2C8004BF00BA8D4E /* Mulish-Bold.ttf */,
				FB80827B2C8004BF00BA8D4E /* Mulish-ExtraBold.ttf */,
				FB80827C2C8004BF00BA8D4E /* Mulish-ExtraLight.ttf */,
				FB80827D2C8004BF00BA8D4E /* Mulish-Light.ttf */,
				FB80827E2C8004BF00BA8D4E /* Mulish-Medium.ttf */,
				FB80827F2C8004BF00BA8D4E /* Mulish-Regular.ttf */,
				FB8082802C8004BF00BA8D4E /* Mulish-SemiBold.ttf */,
			);
			path = Font;
			sourceTree = "<group>";
		};
/* End PBXGroup section */

/* Begin PBXNativeTarget section */
		FB8082572C8003F800BA8D4E /* ToDoApp */ = {
			isa = PBXNativeTarget;
			buildConfigurationList = FB8082682C8003FB00BA8D4E /* Build configuration list for PBXNativeTarget "ToDoApp" */;
			buildPhases = (
				FB8082542C8003F800BA8D4E /* Sources */,
				FB8082552C8003F800BA8D4E /* Frameworks */,
				FB8082562C8003F800BA8D4E /* Resources */,
			);
			buildRules = (
			);
			dependencies = (
			);
			name = ToDoApp;
			productName = ToDoApp;
			productReference = FB8082582C8003F800BA8D4E /* ToDoApp.app */;
			productType = "com.apple.product-type.application";
		};
/* End PBXNativeTarget section */

/* Begin PBXProject section */
		FB8082502C8003F800BA8D4E /* Project object */ = {
			isa = PBXProject;
			attributes = {
				BuildIndependentTargetsInParallel = 1;
				LastSwiftUpdateCheck = 1540;
				LastUpgradeCheck = 1540;
				TargetAttributes = {
					FB8082572C8003F800BA8D4E = {
						CreatedOnToolsVersion = 15.4;
					};
				};
			};
			buildConfigurationList = FB8082532C8003F800BA8D4E /* Build configuration list for PBXProject "ToDoApp" */;
			compatibilityVersion = "Xcode 14.0";
			developmentRegion = en;
			hasScannedForEncodings = 0;
			knownRegions = (
				en,
				Base,
			);
			mainGroup = FB80824F2C8003F800BA8D4E;
			productRefGroup = FB8082592C8003F800BA8D4E /* Products */;
			projectDirPath = "";
			projectRoot = "";
			targets = (
				FB8082572C8003F800BA8D4E /* ToDoApp */,
			);
		};
/* End PBXProject section */

/* Begin PBXResourcesBuildPhase section */
		FB8082562C8003F800BA8D4E /* Resources */ = {
			isa = PBXResourcesBuildPhase;
			buildActionMask = 2147483647;
			files = (
				FB8082852C8004BF00BA8D4E /* Mulish-ExtraLight.ttf in Resources */,
				FB8082862C8004BF00BA8D4E /* Mulish-Light.ttf in Resources */,
				FB8082842C8004BF00BA8D4E /* Mulish-ExtraBold.ttf in Resources */,
				FB8082652C8003FB00BA8D4E /* Preview Assets.xcassets in Resources */,
				FB8082822C8004BF00BA8D4E /* Mulish-Black.ttf in Resources */,
				FB8082872C8004BF00BA8D4E /* Mulish-Medium.ttf in Resources */,
				FB8082882C8004BF00BA8D4E /* Mulish-Regular.ttf in Resources */,
				FB8082622C8003FB00BA8D4E /* Assets.xcassets in Resources */,
				FB8082832C8004BF00BA8D4E /* Mulish-Bold.ttf in Resources */,
				FB8082892C8004BF00BA8D4E /* Mulish-SemiBold.ttf in Resources */,
			);
			runOnlyForDeploymentPostprocessing = 0;
		};
/* End PBXResourcesBuildPhase section */

/* Begin PBXSourcesBuildPhase section */
		FB8082542C8003F800BA8D4E /* Sources */ = {
			isa = PBXSourcesBuildPhase;
			buildActionMask = 2147483647;
			files = (
				FB8082722C80048800BA8D4E /* Task.swift in Sources */,
				FB8082912C8004DC00BA8D4E /* StartView.swift in Sources */,
				FB8082962C80298100BA8D4E /* TextFieldView.swift in Sources */,
				FB8082942C800F1400BA8D4E /* PendingTaskTileView.swift in Sources */,
				FB8082762C8004B200BA8D4E /* TaskGroupTilesView.swift in Sources */,
				FBA424F72C8204D6008C69FD /* CustomizedTimePickerView.swift in Sources */,
				FB80828F2C8004DC00BA8D4E /* PendingTasksView.swift in Sources */,
				FB8082902C8004DC00BA8D4E /* HomeView.swift in Sources */,
				FB0DA2392C84FB1E007BC2C3 /* TaskDetailView.swift in Sources */,
				FBA424F92C825FA5008C69FD /* ProfileView.swift in Sources */,
				FBA424F52C81BE99008C69FD /* CustomizedDatePickerView.swift in Sources */,
				FBC45C992C80DF0B008E8C8E /* PriorityPickerView.swift in Sources */,
				FB80828E2C8004DC00BA8D4E /* NewTaskView.swift in Sources */,
				FB80825E2C8003F800BA8D4E /* ContentView.swift in Sources */,
				FB8082772C8004B200BA8D4E /* ProgressCardView.swift in Sources */,
				FB80825C2C8003F800BA8D4E /* ToDoAppApp.swift in Sources */,
				FB0DA2372C84BFB5007BC2C3 /* SearchBarView.swift in Sources */,
				FB8082782C8004B200BA8D4E /* HomeBoardView.swift in Sources */,
			);
			runOnlyForDeploymentPostprocessing = 0;
		};
/* End PBXSourcesBuildPhase section */

/* Begin XCBuildConfiguration section */
		FB8082662C8003FB00BA8D4E /* Debug */ = {
			isa = XCBuildConfiguration;
			buildSettings = {
				ALWAYS_SEARCH_USER_PATHS = NO;
				ASSETCATALOG_COMPILER_GENERATE_SWIFT_ASSET_SYMBOL_EXTENSIONS = YES;
				CLANG_ANALYZER_NONNULL = YES;
				CLANG_ANALYZER_NUMBER_OBJECT_CONVERSION = YES_AGGRESSIVE;
				CLANG_CXX_LANGUAGE_STANDARD = "gnu++20";
				CLANG_ENABLE_MODULES = YES;
				CLANG_ENABLE_OBJC_ARC = YES;
				CLANG_ENABLE_OBJC_WEAK = YES;
				CLANG_WARN_BLOCK_CAPTURE_AUTORELEASING = YES;
				CLANG_WARN_BOOL_CONVERSION = YES;
				CLANG_WARN_COMMA = YES;
				CLANG_WARN_CONSTANT_CONVERSION = YES;
				CLANG_WARN_DEPRECATED_OBJC_IMPLEMENTATIONS = YES;
				CLANG_WARN_DIRECT_OBJC_ISA_USAGE = YES_ERROR;
				CLANG_WARN_DOCUMENTATION_COMMENTS = YES;
				CLANG_WARN_EMPTY_BODY = YES;
				CLANG_WARN_ENUM_CONVERSION = YES;
				CLANG_WARN_INFINITE_RECURSION = YES;
				CLANG_WARN_INT_CONVERSION = YES;
				CLANG_WARN_NON_LITERAL_NULL_CONVERSION = YES;
				CLANG_WARN_OBJC_IMPLICIT_RETAIN_SELF = YES;
				CLANG_WARN_OBJC_LITERAL_CONVERSION = YES;
				CLANG_WARN_OBJC_ROOT_CLASS = YES_ERROR;
				CLANG_WARN_QUOTED_INCLUDE_IN_FRAMEWORK_HEADER = YES;
				CLANG_WARN_RANGE_LOOP_ANALYSIS = YES;
				CLANG_WARN_STRICT_PROTOTYPES = YES;
				CLANG_WARN_SUSPICIOUS_MOVE = YES;
				CLANG_WARN_UNGUARDED_AVAILABILITY = YES_AGGRESSIVE;
				CLANG_WARN_UNREACHABLE_CODE = YES;
				CLANG_WARN__DUPLICATE_METHOD_MATCH = YES;
				COPY_PHASE_STRIP = NO;
				DEBUG_INFORMATION_FORMAT = dwarf;
				ENABLE_STRICT_OBJC_MSGSEND = YES;
				ENABLE_TESTABILITY = YES;
				ENABLE_USER_SCRIPT_SANDBOXING = YES;
				GCC_C_LANGUAGE_STANDARD = gnu17;
				GCC_DYNAMIC_NO_PIC = NO;
				GCC_NO_COMMON_BLOCKS = YES;
				GCC_OPTIMIZATION_LEVEL = 0;
				GCC_PREPROCESSOR_DEFINITIONS = (
					"DEBUG=1",
					"$(inherited)",
				);
				GCC_WARN_64_TO_32_BIT_CONVERSION = YES;
				GCC_WARN_ABOUT_RETURN_TYPE = YES_ERROR;
				GCC_WARN_UNDECLARED_SELECTOR = YES;
				GCC_WARN_UNINITIALIZED_AUTOS = YES_AGGRESSIVE;
				GCC_WARN_UNUSED_FUNCTION = YES;
				GCC_WARN_UNUSED_VARIABLE = YES;
				IPHONEOS_DEPLOYMENT_TARGET = 17.5;
				LOCALIZATION_PREFERS_STRING_CATALOGS = YES;
				MTL_ENABLE_DEBUG_INFO = INCLUDE_SOURCE;
				MTL_FAST_MATH = YES;
				ONLY_ACTIVE_ARCH = YES;
				SDKROOT = iphoneos;
				SWIFT_ACTIVE_COMPILATION_CONDITIONS = "DEBUG $(inherited)";
				SWIFT_OPTIMIZATION_LEVEL = "-Onone";
			};
			name = Debug;
		};
		FB8082672C8003FB00BA8D4E /* Release */ = {
			isa = XCBuildConfiguration;
			buildSettings = {
				ALWAYS_SEARCH_USER_PATHS = NO;
				ASSETCATALOG_COMPILER_GENERATE_SWIFT_ASSET_SYMBOL_EXTENSIONS = YES;
				CLANG_ANALYZER_NONNULL = YES;
				CLANG_ANALYZER_NUMBER_OBJECT_CONVERSION = YES_AGGRESSIVE;
				CLANG_CXX_LANGUAGE_STANDARD = "gnu++20";
				CLANG_ENABLE_MODULES = YES;
				CLANG_ENABLE_OBJC_ARC = YES;
				CLANG_ENABLE_OBJC_WEAK = YES;
				CLANG_WARN_BLOCK_CAPTURE_AUTORELEASING = YES;
				CLANG_WARN_BOOL_CONVERSION = YES;
				CLANG_WARN_COMMA = YES;
				CLANG_WARN_CONSTANT_CONVERSION = YES;
				CLANG_WARN_DEPRECATED_OBJC_IMPLEMENTATIONS = YES;
				CLANG_WARN_DIRECT_OBJC_ISA_USAGE = YES_ERROR;
				CLANG_WARN_DOCUMENTATION_COMMENTS = YES;
				CLANG_WARN_EMPTY_BODY = YES;
				CLANG_WARN_ENUM_CONVERSION = YES;
				CLANG_WARN_INFINITE_RECURSION = YES;
				CLANG_WARN_INT_CONVERSION = YES;
				CLANG_WARN_NON_LITERAL_NULL_CONVERSION = YES;
				CLANG_WARN_OBJC_IMPLICIT_RETAIN_SELF = YES;
				CLANG_WARN_OBJC_LITERAL_CONVERSION = YES;
				CLANG_WARN_OBJC_ROOT_CLASS = YES_ERROR;
				CLANG_WARN_QUOTED_INCLUDE_IN_FRAMEWORK_HEADER = YES;
				CLANG_WARN_RANGE_LOOP_ANALYSIS = YES;
				CLANG_WARN_STRICT_PROTOTYPES = YES;
				CLANG_WARN_SUSPICIOUS_MOVE = YES;
				CLANG_WARN_UNGUARDED_AVAILABILITY = YES_AGGRESSIVE;
				CLANG_WARN_UNREACHABLE_CODE = YES;
				CLANG_WARN__DUPLICATE_METHOD_MATCH = YES;
				COPY_PHASE_STRIP = NO;
				DEBUG_INFORMATION_FORMAT = "dwarf-with-dsym";
				ENABLE_NS_ASSERTIONS = NO;
				ENABLE_STRICT_OBJC_MSGSEND = YES;
				ENABLE_USER_SCRIPT_SANDBOXING = YES;
				GCC_C_LANGUAGE_STANDARD = gnu17;
				GCC_NO_COMMON_BLOCKS = YES;
				GCC_WARN_64_TO_32_BIT_CONVERSION = YES;
				GCC_WARN_ABOUT_RETURN_TYPE = YES_ERROR;
				GCC_WARN_UNDECLARED_SELECTOR = YES;
				GCC_WARN_UNINITIALIZED_AUTOS = YES_AGGRESSIVE;
				GCC_WARN_UNUSED_FUNCTION = YES;
				GCC_WARN_UNUSED_VARIABLE = YES;
				IPHONEOS_DEPLOYMENT_TARGET = 17.5;
				LOCALIZATION_PREFERS_STRING_CATALOGS = YES;
				MTL_ENABLE_DEBUG_INFO = NO;
				MTL_FAST_MATH = YES;
				SDKROOT = iphoneos;
				SWIFT_COMPILATION_MODE = wholemodule;
				VALIDATE_PRODUCT = YES;
			};
			name = Release;
		};
		FB8082692C8003FB00BA8D4E /* Debug */ = {
			isa = XCBuildConfiguration;
			buildSettings = {
				ASSETCATALOG_COMPILER_APPICON_NAME = AppIcon;
				ASSETCATALOG_COMPILER_GLOBAL_ACCENT_COLOR_NAME = AccentColor;
				CODE_SIGN_STYLE = Automatic;
				CURRENT_PROJECT_VERSION = 1;
				DEVELOPMENT_ASSET_PATHS = "\"ToDoApp/Preview Content\"";
				DEVELOPMENT_TEAM = 9V8AJZ9366;
				ENABLE_PREVIEWS = YES;
				GENERATE_INFOPLIST_FILE = YES;
				INFOPLIST_FILE = ToDoApp/Info.plist;
				INFOPLIST_KEY_UIApplicationSceneManifest_Generation = YES;
				INFOPLIST_KEY_UIApplicationSupportsIndirectInputEvents = YES;
				INFOPLIST_KEY_UILaunchScreen_Generation = YES;
				INFOPLIST_KEY_UISupportedInterfaceOrientations_iPad = "UIInterfaceOrientationPortrait UIInterfaceOrientationPortraitUpsideDown UIInterfaceOrientationLandscapeLeft UIInterfaceOrientationLandscapeRight";
				INFOPLIST_KEY_UISupportedInterfaceOrientations_iPhone = "UIInterfaceOrientationPortrait UIInterfaceOrientationLandscapeLeft UIInterfaceOrientationLandscapeRight";
				LD_RUNPATH_SEARCH_PATHS = (
					"$(inherited)",
					"@executable_path/Frameworks",
				);
				MARKETING_VERSION = 1.0;
				PRODUCT_BUNDLE_IDENTIFIER = BeaCardozo.ToDoApp;
				PRODUCT_NAME = "$(TARGET_NAME)";
				SWIFT_EMIT_LOC_STRINGS = YES;
				SWIFT_VERSION = 5.0;
				TARGETED_DEVICE_FAMILY = "1,2";
			};
			name = Debug;
		};
		FB80826A2C8003FB00BA8D4E /* Release */ = {
			isa = XCBuildConfiguration;
			buildSettings = {
				ASSETCATALOG_COMPILER_APPICON_NAME = AppIcon;
				ASSETCATALOG_COMPILER_GLOBAL_ACCENT_COLOR_NAME = AccentColor;
				CODE_SIGN_STYLE = Automatic;
				CURRENT_PROJECT_VERSION = 1;
				DEVELOPMENT_ASSET_PATHS = "\"ToDoApp/Preview Content\"";
				DEVELOPMENT_TEAM = 9V8AJZ9366;
				ENABLE_PREVIEWS = YES;
				GENERATE_INFOPLIST_FILE = YES;
				INFOPLIST_FILE = ToDoApp/Info.plist;
				INFOPLIST_KEY_UIApplicationSceneManifest_Generation = YES;
				INFOPLIST_KEY_UIApplicationSupportsIndirectInputEvents = YES;
				INFOPLIST_KEY_UILaunchScreen_Generation = YES;
				INFOPLIST_KEY_UISupportedInterfaceOrientations_iPad = "UIInterfaceOrientationPortrait UIInterfaceOrientationPortraitUpsideDown UIInterfaceOrientationLandscapeLeft UIInterfaceOrientationLandscapeRight";
				INFOPLIST_KEY_UISupportedInterfaceOrientations_iPhone = "UIInterfaceOrientationPortrait UIInterfaceOrientationLandscapeLeft UIInterfaceOrientationLandscapeRight";
				LD_RUNPATH_SEARCH_PATHS = (
					"$(inherited)",
					"@executable_path/Frameworks",
				);
				MARKETING_VERSION = 1.0;
				PRODUCT_BUNDLE_IDENTIFIER = BeaCardozo.ToDoApp;
				PRODUCT_NAME = "$(TARGET_NAME)";
				SWIFT_EMIT_LOC_STRINGS = YES;
				SWIFT_VERSION = 5.0;
				TARGETED_DEVICE_FAMILY = "1,2";
			};
			name = Release;
		};
/* End XCBuildConfiguration section */

/* Begin XCConfigurationList section */
		FB8082532C8003F800BA8D4E /* Build configuration list for PBXProject "ToDoApp" */ = {
			isa = XCConfigurationList;
			buildConfigurations = (
				FB8082662C8003FB00BA8D4E /* Debug */,
				FB8082672C8003FB00BA8D4E /* Release */,
			);
			defaultConfigurationIsVisible = 0;
			defaultConfigurationName = Release;
		};
		FB8082682C8003FB00BA8D4E /* Build configuration list for PBXNativeTarget "ToDoApp" */ = {
			isa = XCConfigurationList;
			buildConfigurations = (
				FB8082692C8003FB00BA8D4E /* Debug */,
				FB80826A2C8003FB00BA8D4E /* Release */,
			);
			defaultConfigurationIsVisible = 0;
			defaultConfigurationName = Release;
		};
/* End XCConfigurationList section */
	};
	rootObject = FB8082502C8003F800BA8D4E /* Project object */;
}
